dependencies:
- name: zookeeper
  repository: ""
  version: 5.23.0
- name: nifi-registry
  repository: ""
  version: 1.0.1
- name: nifi-ca
  repository: ""
  version: 1.0.1
digest: sha256:3a54bd3e209eece5d8d4e0976a64cab1729c10242853c277004a402159e451c0
generated: "2021-06-18T10:13:49.663402007+02:00"
